
Microsoft Visual Studio Solution File, Format Version 12.00
# Visual Studio Version 17
VisualStudioVersion = 17.5.002.0
MinimumVisualStudioVersion = 10.0.40219.1
Project("{9A19103F-16F7-4668-BE54-9A1E7A4F7556}") = "Mini Challenge #1 Endpoint", "Mini Challenge #1 Endpoint.csproj", "{2388A44F-AC96-4298-A1F3-5AC90819A4ED}"
EndProject
Global
	GlobalSection(SolutionConfigurationPlatforms) = preSolution
		Debug|Any CPU = Debug|Any CPU
		Release|Any CPU = Release|Any CPU
	EndGlobalSection
	GlobalSection(ProjectConfigurationPlatforms) = postSolution
		{2388A44F-AC96-4298-A1F3-5AC90819A4ED}.Debug|Any CPU.ActiveCfg = Debug|Any CPU
		{2388A44F-AC96-4298-A1F3-5AC90819A4ED}.Debug|Any CPU.Build.0 = Debug|Any CPU
		{2388A44F-AC96-4298-A1F3-5AC90819A4ED}.Release|Any CPU.ActiveCfg = Release|Any CPU
		{2388A44F-AC96-4298-A1F3-5AC90819A4ED}.Release|Any CPU.Build.0 = Release|Any CPU
	EndGlobalSection
	GlobalSection(SolutionProperties) = preSolution
		HideSolutionNode = FALSE
	EndGlobalSection
	GlobalSection(ExtensibilityGlobals) = postSolution
		SolutionGuid = {989B5E18-70A1-45CA-BAEC-5C380F096213}
	EndGlobalSection
EndGlobal
